
Microsoft Visual Studio Solution File, Format Version 12.00
# Visual Studio 15
VisualStudioVersion = 15.0.27004.2005
MinimumVisualStudioVersion = 10.0.40219.1
Project("{888888A0-9F3D-457C-B088-3A5042F75D52}") = "Client", "Client\Client.pyproj", "{4A5FA513-6BA1-4AEE-8781-D6826311E9EF}"
EndProject
Project("{888888A0-9F3D-457C-B088-3A5042F75D52}") = "Server", "Server\Server.pyproj", "{7EA6B82C-9066-4FBE-926F-DAFABFE65159}"
EndProject
Global
	GlobalSection(SolutionConfigurationPlatforms) = preSolution
		Debug|Any CPU = Debug|Any CPU
		Release|Any CPU = Release|Any CPU
	EndGlobalSection
	GlobalSection(ProjectConfigurationPlatforms) = postSolution
		{4A5FA513-6BA1-4AEE-8781-D6826311E9EF}.Debug|Any CPU.ActiveCfg = Debug|Any CPU
		{4A5FA513-6BA1-4AEE-8781-D6826311E9EF}.Release|Any CPU.ActiveCfg = Release|Any CPU
		{7EA6B82C-9066-4FBE-926F-DAFABFE65159}.Debug|Any CPU.ActiveCfg = Debug|Any CPU
		{7EA6B82C-9066-4FBE-926F-DAFABFE65159}.Release|Any CPU.ActiveCfg = Release|Any CPU
	EndGlobalSection
	GlobalSection(SolutionProperties) = preSolution
		HideSolutionNode = FALSE
	EndGlobalSection
	GlobalSection(ExtensibilityGlobals) = postSolution
		SolutionGuid = {0FCA7C83-6996-4E8A-8053-00277376FCB9}
	EndGlobalSection
EndGlobal
